
Microsoft Visual Studio Solution File, Format Version 12.00
# Visual Studio Version 17
VisualStudioVersion = 17.14.36401.2 d17.14
MinimumVisualStudioVersion = 10.0.40219.1
Project("{FAE04EC0-301F-11D3-BF4B-00C04F79EFBC}") = "Task 1", "Task 1.csproj", "{708A0E0B-A5CE-4738-A1A8-3B4F581D5697}"
EndProject
Global
	GlobalSection(SolutionConfigurationPlatforms) = preSolution
		Debug|Any CPU = Debug|Any CPU
		Release|Any CPU = Release|Any CPU
	EndGlobalSection
	GlobalSection(ProjectConfigurationPlatforms) = postSolution
		{708A0E0B-A5CE-4738-A1A8-3B4F581D5697}.Debug|Any CPU.ActiveCfg = Debug|Any CPU
		{708A0E0B-A5CE-4738-A1A8-3B4F581D5697}.Debug|Any CPU.Build.0 = Debug|Any CPU
		{708A0E0B-A5CE-4738-A1A8-3B4F581D5697}.Release|Any CPU.ActiveCfg = Release|Any CPU
		{708A0E0B-A5CE-4738-A1A8-3B4F581D5697}.Release|Any CPU.Build.0 = Release|Any CPU
	EndGlobalSection
	GlobalSection(SolutionProperties) = preSolution
		HideSolutionNode = FALSE
	EndGlobalSection
	GlobalSection(ExtensibilityGlobals) = postSolution
		SolutionGuid = {ED0414F4-9893-4298-8C87-93EA8E40D165}
	EndGlobalSection
EndGlobal
